{
  "nodes": {
    "nixpkgs": {
      "locked": {
        "lastModified": 1627391865,
        "narHash": "sha256-tPoWBO9Nzu3wuX37WcnctzL6LoDCErJLnfLGqqmXCm4=",
        "path": "/nix/store/svybjwf9ab3iqiz8zwwqwbqzksl3gx8v-source",
        "rev": "8ecc61c91a596df7d3293603a9c2384190c1b89a",
        "type": "path"
      },
      "original": {
        "id": "nixpkgs",
        "type": "indirect"
      }
    },
    "root": {
      "inputs": {
        "nixpkgs": "nixpkgs"
      }
    }
  },
  "root": "root",
  "version": 7
}
